
Microsoft Visual Studio Solution File, Format Version 12.00
# Visual Studio Version 17
VisualStudioVersion = 17.2.32519.379
MinimumVisualStudioVersion = 10.0.40219.1
Project("{FAE04EC0-301F-11D3-BF4B-00C04F79EFBC}") = "Intern.NTQ.Library", "Intern.NTQ.Library\Intern.NTQ.Library.csproj", "{B7B5E84B-40BE-4EC8-9EEE-9423DEC06C2E}"
EndProject
Project("{FAE04EC0-301F-11D3-BF4B-00C04F79EFBC}") = "Intern.NTQ.Infrastructure", "Intern.NTQ.Infrastructure\Intern.NTQ.Infrastructure.csproj", "{8D261330-AEDE-40F2-9DA5-4F373BC859A4}"
EndProject
Project("{FAE04EC0-301F-11D3-BF4B-00C04F79EFBC}") = "Intern.NTQ.Domain", "Intern.NTQ.Domain\Intern.NTQ.Domain.csproj", "{A51C1643-9165-4ACD-8C88-4F6080CB60DB}"
EndProject
Project("{FAE04EC0-301F-11D3-BF4B-00C04F79EFBC}") = "Intern.NTQ.Manager", "Intern.NTQ.Manager\Intern.NTQ.Manager.csproj", "{B9372E48-4F04-4F59-B8C2-6619821A3D0F}"
EndProject
Project("{FAE04EC0-301F-11D3-BF4B-00C04F79EFBC}") = "Intern.NTQ.Api", "Intern.NTQ.Api\Intern.NTQ.Api.csproj", "{730D0941-3BEC-404F-B29E-458E77C352FA}"
EndProject
Global
	GlobalSection(SolutionConfigurationPlatforms) = preSolution
		Debug|Any CPU = Debug|Any CPU
		Release|Any CPU = Release|Any CPU
	EndGlobalSection
	GlobalSection(ProjectConfigurationPlatforms) = postSolution
		{B7B5E84B-40BE-4EC8-9EEE-9423DEC06C2E}.Debug|Any CPU.ActiveCfg = Debug|Any CPU
		{B7B5E84B-40BE-4EC8-9EEE-9423DEC06C2E}.Debug|Any CPU.Build.0 = Debug|Any CPU
		{B7B5E84B-40BE-4EC8-9EEE-9423DEC06C2E}.Release|Any CPU.ActiveCfg = Release|Any CPU
		{B7B5E84B-40BE-4EC8-9EEE-9423DEC06C2E}.Release|Any CPU.Build.0 = Release|Any CPU
		{8D261330-AEDE-40F2-9DA5-4F373BC859A4}.Debug|Any CPU.ActiveCfg = Debug|Any CPU
		{8D261330-AEDE-40F2-9DA5-4F373BC859A4}.Debug|Any CPU.Build.0 = Debug|Any CPU
		{8D261330-AEDE-40F2-9DA5-4F373BC859A4}.Release|Any CPU.ActiveCfg = Release|Any CPU
		{8D261330-AEDE-40F2-9DA5-4F373BC859A4}.Release|Any CPU.Build.0 = Release|Any CPU
		{A51C1643-9165-4ACD-8C88-4F6080CB60DB}.Debug|Any CPU.ActiveCfg = Debug|Any CPU
		{A51C1643-9165-4ACD-8C88-4F6080CB60DB}.Debug|Any CPU.Build.0 = Debug|Any CPU
		{A51C1643-9165-4ACD-8C88-4F6080CB60DB}.Release|Any CPU.ActiveCfg = Release|Any CPU
		{A51C1643-9165-4ACD-8C88-4F6080CB60DB}.Release|Any CPU.Build.0 = Release|Any CPU
		{B9372E48-4F04-4F59-B8C2-6619821A3D0F}.Debug|Any CPU.ActiveCfg = Debug|Any CPU
		{B9372E48-4F04-4F59-B8C2-6619821A3D0F}.Debug|Any CPU.Build.0 = Debug|Any CPU
		{B9372E48-4F04-4F59-B8C2-6619821A3D0F}.Release|Any CPU.ActiveCfg = Release|Any CPU
		{B9372E48-4F04-4F59-B8C2-6619821A3D0F}.Release|Any CPU.Build.0 = Release|Any CPU
		{730D0941-3BEC-404F-B29E-458E77C352FA}.Debug|Any CPU.ActiveCfg = Debug|Any CPU
		{730D0941-3BEC-404F-B29E-458E77C352FA}.Debug|Any CPU.Build.0 = Debug|Any CPU
		{730D0941-3BEC-404F-B29E-458E77C352FA}.Release|Any CPU.ActiveCfg = Release|Any CPU
		{730D0941-3BEC-404F-B29E-458E77C352FA}.Release|Any CPU.Build.0 = Release|Any CPU
	EndGlobalSection
	GlobalSection(SolutionProperties) = preSolution
		HideSolutionNode = FALSE
	EndGlobalSection
	GlobalSection(ExtensibilityGlobals) = postSolution
		SolutionGuid = {4B809352-6B59-41B5-9F8B-5351017BD2E8}
	EndGlobalSection
EndGlobal
